
Microsoft Visual Studio Solution File, Format Version 12.00
# Visual Studio 15
VisualStudioVersion = 15.0.28307.168
MinimumVisualStudioVersion = 10.0.40219.1
Project("{FAE04EC0-301F-11D3-BF4B-00C04F79EFBC}") = "DataParser", "DataParser\DataParser.csproj", "{2428D5E5-DA69-40D5-A8FF-9A9F01199D24}"
EndProject
Global
	GlobalSection(SolutionConfigurationPlatforms) = preSolution
		Debug|Any CPU = Debug|Any CPU
		Release|Any CPU = Release|Any CPU
	EndGlobalSection
	GlobalSection(ProjectConfigurationPlatforms) = postSolution
		{2428D5E5-DA69-40D5-A8FF-9A9F01199D24}.Debug|Any CPU.ActiveCfg = Debug|Any CPU
		{2428D5E5-DA69-40D5-A8FF-9A9F01199D24}.Debug|Any CPU.Build.0 = Debug|Any CPU
		{2428D5E5-DA69-40D5-A8FF-9A9F01199D24}.Release|Any CPU.ActiveCfg = Release|Any CPU
		{2428D5E5-DA69-40D5-A8FF-9A9F01199D24}.Release|Any CPU.Build.0 = Release|Any CPU
	EndGlobalSection
	GlobalSection(SolutionProperties) = preSolution
		HideSolutionNode = FALSE
	EndGlobalSection
	GlobalSection(ExtensibilityGlobals) = postSolution
		SolutionGuid = {91D8FE76-5C62-4599-8E6D-9FBDB6C87528}
	EndGlobalSection
EndGlobal
